
Microsoft Visual Studio Solution File, Format Version 12.00
# Visual Studio Version 17
VisualStudioVersion = 17.0.32112.339
MinimumVisualStudioVersion = 10.0.40219.1
Project("{FAE04EC0-301F-11D3-BF4B-00C04F79EFBC}") = "Dungeon-Game-App", "Dungeon-Game-App.csproj", "{FBBC5812-6398-4097-A323-E1894D7B840C}"
EndProject
Global
	GlobalSection(SolutionConfigurationPlatforms) = preSolution
		Debug|Any CPU = Debug|Any CPU
		Release|Any CPU = Release|Any CPU
	EndGlobalSection
	GlobalSection(ProjectConfigurationPlatforms) = postSolution
		{FBBC5812-6398-4097-A323-E1894D7B840C}.Debug|Any CPU.ActiveCfg = Debug|Any CPU
		{FBBC5812-6398-4097-A323-E1894D7B840C}.Debug|Any CPU.Build.0 = Debug|Any CPU
		{FBBC5812-6398-4097-A323-E1894D7B840C}.Release|Any CPU.ActiveCfg = Release|Any CPU
		{FBBC5812-6398-4097-A323-E1894D7B840C}.Release|Any CPU.Build.0 = Release|Any CPU
	EndGlobalSection
	GlobalSection(SolutionProperties) = preSolution
		HideSolutionNode = FALSE
	EndGlobalSection
	GlobalSection(ExtensibilityGlobals) = postSolution
		SolutionGuid = {72E215AA-AC43-46E2-AB0F-0EE6A3827176}
	EndGlobalSection
EndGlobal
